
Microsoft Visual Studio Solution File, Format Version 12.00
# Visual Studio Version 17
VisualStudioVersion = 17.9.34607.119
MinimumVisualStudioVersion = 10.0.40219.1
Project("{FAE04EC0-301F-11D3-BF4B-00C04F79EFBC}") = "9406-QuanLyRapChieuPhim-4158", "9406-QuanLyRapChieuPhim-4158\9406-QuanLyRapChieuPhim-4158.csproj", "{9512648E-7E97-47E4-8F16-3543B80D1C72}"
EndProject
Global
	GlobalSection(SolutionConfigurationPlatforms) = preSolution
		Debug|Any CPU = Debug|Any CPU
		Release|Any CPU = Release|Any CPU
	EndGlobalSection
	GlobalSection(ProjectConfigurationPlatforms) = postSolution
		{9512648E-7E97-47E4-8F16-3543B80D1C72}.Debug|Any CPU.ActiveCfg = Debug|Any CPU
		{9512648E-7E97-47E4-8F16-3543B80D1C72}.Debug|Any CPU.Build.0 = Debug|Any CPU
		{9512648E-7E97-47E4-8F16-3543B80D1C72}.Release|Any CPU.ActiveCfg = Release|Any CPU
		{9512648E-7E97-47E4-8F16-3543B80D1C72}.Release|Any CPU.Build.0 = Release|Any CPU
	EndGlobalSection
	GlobalSection(SolutionProperties) = preSolution
		HideSolutionNode = FALSE
	EndGlobalSection
	GlobalSection(ExtensibilityGlobals) = postSolution
		SolutionGuid = {7420F358-33E8-4282-81A2-C9C6BA62696A}
	EndGlobalSection
EndGlobal
